
Microsoft Visual Studio Solution File, Format Version 12.00
# Visual Studio Version 17
VisualStudioVersion = 17.8.34330.188
MinimumVisualStudioVersion = 10.0.40219.1
Project("{FAE04EC0-301F-11D3-BF4B-00C04F79EFBC}") = "MvcWithDapper", "MvcWithDapper\MvcWithDapper.csproj", "{EA75875C-253B-4DA4-A0FF-9700E0B0B9BE}"
EndProject
Global
	GlobalSection(SolutionConfigurationPlatforms) = preSolution
		Debug|Any CPU = Debug|Any CPU
		Release|Any CPU = Release|Any CPU
	EndGlobalSection
	GlobalSection(ProjectConfigurationPlatforms) = postSolution
		{EA75875C-253B-4DA4-A0FF-9700E0B0B9BE}.Debug|Any CPU.ActiveCfg = Debug|Any CPU
		{EA75875C-253B-4DA4-A0FF-9700E0B0B9BE}.Debug|Any CPU.Build.0 = Debug|Any CPU
		{EA75875C-253B-4DA4-A0FF-9700E0B0B9BE}.Release|Any CPU.ActiveCfg = Release|Any CPU
		{EA75875C-253B-4DA4-A0FF-9700E0B0B9BE}.Release|Any CPU.Build.0 = Release|Any CPU
	EndGlobalSection
	GlobalSection(SolutionProperties) = preSolution
		HideSolutionNode = FALSE
	EndGlobalSection
	GlobalSection(ExtensibilityGlobals) = postSolution
		SolutionGuid = {01BAB175-9EE8-47F5-8A3E-9779A3A22248}
	EndGlobalSection
EndGlobal
